
Microsoft Visual Studio Solution File, Format Version 12.00
# Visual Studio Version 16
VisualStudioVersion = 16.0.31911.196
MinimumVisualStudioVersion = 10.0.40219.1
Project("{FAE04EC0-301F-11D3-BF4B-00C04F79EFBC}") = "Prova2", "Prova2\Prova2.csproj", "{BCF8F136-BFC0-47D4-8C55-ED8E28310DAA}"
EndProject
Global
	GlobalSection(SolutionConfigurationPlatforms) = preSolution
		Debug|Any CPU = Debug|Any CPU
		Release|Any CPU = Release|Any CPU
	EndGlobalSection
	GlobalSection(ProjectConfigurationPlatforms) = postSolution
		{BCF8F136-BFC0-47D4-8C55-ED8E28310DAA}.Debug|Any CPU.ActiveCfg = Debug|Any CPU
		{BCF8F136-BFC0-47D4-8C55-ED8E28310DAA}.Debug|Any CPU.Build.0 = Debug|Any CPU
		{BCF8F136-BFC0-47D4-8C55-ED8E28310DAA}.Release|Any CPU.ActiveCfg = Release|Any CPU
		{BCF8F136-BFC0-47D4-8C55-ED8E28310DAA}.Release|Any CPU.Build.0 = Release|Any CPU
	EndGlobalSection
	GlobalSection(SolutionProperties) = preSolution
		HideSolutionNode = FALSE
	EndGlobalSection
	GlobalSection(ExtensibilityGlobals) = postSolution
		SolutionGuid = {756FE40F-2DED-453A-90A4-311B94CC24B3}
	EndGlobalSection
EndGlobal
